
Microsoft Visual Studio Solution File, Format Version 12.00
# Visual Studio Version 16
VisualStudioVersion = 16.0.31402.337
MinimumVisualStudioVersion = 10.0.40219.1
Project("{FAE04EC0-301F-11D3-BF4B-00C04F79EFBC}") = "LeapYearKata", "LeapYearKata\LeapYearKata.csproj", "{BE35BA46-7DFE-4E1D-BA4C-ADA5A8537E92}"
EndProject
Project("{FAE04EC0-301F-11D3-BF4B-00C04F79EFBC}") = "LeapYearTests", "LeapYearTests\LeapYearTests.csproj", "{72A5F9B0-2EEB-4C67-96FE-728FF8684277}"
EndProject
Global
	GlobalSection(SolutionConfigurationPlatforms) = preSolution
		Debug|Any CPU = Debug|Any CPU
		Release|Any CPU = Release|Any CPU
	EndGlobalSection
	GlobalSection(ProjectConfigurationPlatforms) = postSolution
		{BE35BA46-7DFE-4E1D-BA4C-ADA5A8537E92}.Debug|Any CPU.ActiveCfg = Debug|Any CPU
		{BE35BA46-7DFE-4E1D-BA4C-ADA5A8537E92}.Debug|Any CPU.Build.0 = Debug|Any CPU
		{BE35BA46-7DFE-4E1D-BA4C-ADA5A8537E92}.Release|Any CPU.ActiveCfg = Release|Any CPU
		{BE35BA46-7DFE-4E1D-BA4C-ADA5A8537E92}.Release|Any CPU.Build.0 = Release|Any CPU
		{72A5F9B0-2EEB-4C67-96FE-728FF8684277}.Debug|Any CPU.ActiveCfg = Debug|Any CPU
		{72A5F9B0-2EEB-4C67-96FE-728FF8684277}.Debug|Any CPU.Build.0 = Debug|Any CPU
		{72A5F9B0-2EEB-4C67-96FE-728FF8684277}.Release|Any CPU.ActiveCfg = Release|Any CPU
		{72A5F9B0-2EEB-4C67-96FE-728FF8684277}.Release|Any CPU.Build.0 = Release|Any CPU
	EndGlobalSection
	GlobalSection(SolutionProperties) = preSolution
		HideSolutionNode = FALSE
	EndGlobalSection
	GlobalSection(ExtensibilityGlobals) = postSolution
		SolutionGuid = {4E0D4925-2FC3-4810-8068-4E68871361BC}
	EndGlobalSection
EndGlobal
